<Solution>
  <Folder Name="/src/">
    <Project Path="src/Robotico.Mapper/Robotico.Mapper.csproj" />
  </Folder>
  <Folder Name="/tests/">
    <Project Path="tests/Robotico.Mapper.Tests/Robotico.Mapper.Tests.csproj" />
  </Folder>
  <Folder Name="/benchmarks/">
    <Project Path="benchmarks/Robotico.Mapper.Benchmarks/Robotico.Mapper.Benchmarks.csproj" />
  </Folder>
  <Folder Name="/Solution Items/">
    <File Path=".gitignore" />
    <File Path=".editorconfig" />
    <File Path="Directory.Build.props" />
    <File Path="Directory.Packages.props" />
    <File Path="LICENSE" />
    <File Path="nuget.config" />
    <File Path="README.md" />
  </Folder>
</Solution>
