<?xml version="1.0" encoding="utf-8"?>
<Solution>
  <Folder Name="/src/">
    <Project Path="src/Robotico.Mapper/Robotico.Mapper.csproj" />
  </Folder>
  <Folder Name="/tests/">
    <Project Path="tests/Robotico.Mapper.Tests/Robotico.Mapper.Tests.csproj" />
  </Folder>
  <Folder Name="/benchmarks/">
    <Project Path="benchmarks/Robotico.Mapper.Benchmarks/Robotico.Mapper.Benchmarks.csproj" />
  </Folder>
</Solution>
